{
  "name": "matte",
  "lockfileVersion": 2,
  "requires": true,
  "packages": {
    "": {
      "devDependencies": {
        "@mdn/browser-compat-data": "^5.3.27",
        "@tsconfig/strictest": "^2.0.2",
        "typescript": "^5.2.2"
      }
    },
    "node_modules/@mdn/browser-compat-data": {
      "version": "5.3.27",
      "resolved": "https://registry.npmjs.org/@mdn/browser-compat-data/-/browser-compat-data-5.3.27.tgz",
      "integrity": "sha512-ts9LDUeckWeHVjGR3uk70/pm1yuwvl/bawPGsOittOk95YRkutuGvnRrfl2lARd0XrCNIIFwRZsmw2pVjMaNJw==",
      "dev": true
    },
    "node_modules/@tsconfig/strictest": {
      "version": "2.0.2",
      "resolved": "https://registry.npmjs.org/@tsconfig/strictest/-/strictest-2.0.2.tgz",
      "integrity": "sha512-jt4jIsWKvUvuY6adJnQJlb/UR7DdjC8CjHI/OaSQruj2yX9/K6+KOvDt/vD6udqos/FUk5Op66CvYT7TBLYO5Q==",
      "dev": true
    },
    "node_modules/typescript": {
      "version": "5.2.2",
      "resolved": "https://registry.npmjs.org/typescript/-/typescript-5.2.2.tgz",
      "integrity": "sha512-mI4WrpHsbCIcwT9cF4FZvr80QUeKvsUsUvKDoR+X/7XHQH98xYD8YHZg7ANtz2GtZt/CBq2QJ0thkGJMHfqc1w==",
      "dev": true,
      "bin": {
        "tsc": "bin/tsc",
        "tsserver": "bin/tsserver"
      },
      "engines": {
        "node": ">=14.17"
      }
    }
  },
  "dependencies": {
    "@mdn/browser-compat-data": {
      "version": "5.3.27",
      "resolved": "https://registry.npmjs.org/@mdn/browser-compat-data/-/browser-compat-data-5.3.27.tgz",
      "integrity": "sha512-ts9LDUeckWeHVjGR3uk70/pm1yuwvl/bawPGsOittOk95YRkutuGvnRrfl2lARd0XrCNIIFwRZsmw2pVjMaNJw==",
      "dev": true
    },
    "@tsconfig/strictest": {
      "version": "2.0.2",
      "resolved": "https://registry.npmjs.org/@tsconfig/strictest/-/strictest-2.0.2.tgz",
      "integrity": "sha512-jt4jIsWKvUvuY6adJnQJlb/UR7DdjC8CjHI/OaSQruj2yX9/K6+KOvDt/vD6udqos/FUk5Op66CvYT7TBLYO5Q==",
      "dev": true
    },
    "typescript": {
      "version": "5.2.2",
      "resolved": "https://registry.npmjs.org/typescript/-/typescript-5.2.2.tgz",
      "integrity": "sha512-mI4WrpHsbCIcwT9cF4FZvr80QUeKvsUsUvKDoR+X/7XHQH98xYD8YHZg7ANtz2GtZt/CBq2QJ0thkGJMHfqc1w==",
      "dev": true
    }
  }
}
