{
  "name": "matte",
  "lockfileVersion": 2,
  "requires": true,
  "packages": {
    "": {
      "dependencies": {
        "typescript": "^4.5.5"
      },
      "devDependencies": {
        "@tsconfig/strictest": "^1.0.0"
      }
    },
    "node_modules/@tsconfig/strictest": {
      "version": "1.0.0",
      "resolved": "https://registry.npmjs.org/@tsconfig/strictest/-/strictest-1.0.0.tgz",
      "integrity": "sha512-ra6O+S1jsDzg68/XV38ha2LNs262ol2sAervwEQzlfxMQx1OAFhb9AE7TntFsnpYLnCiA4fvOpAyOIoR8vdnvg==",
      "dev": true
    },
    "node_modules/typescript": {
      "version": "4.5.5",
      "resolved": "https://registry.npmjs.org/typescript/-/typescript-4.5.5.tgz",
      "integrity": "sha512-TCTIul70LyWe6IJWT8QSYeA54WQe8EjQFU4wY52Fasj5UKx88LNYKCgBEHcOMOrFF1rKGbD8v/xcNWVUq9SymA==",
      "bin": {
        "tsc": "bin/tsc",
        "tsserver": "bin/tsserver"
      },
      "engines": {
        "node": ">=4.2.0"
      }
    }
  },
  "dependencies": {
    "@tsconfig/strictest": {
      "version": "1.0.0",
      "resolved": "https://registry.npmjs.org/@tsconfig/strictest/-/strictest-1.0.0.tgz",
      "integrity": "sha512-ra6O+S1jsDzg68/XV38ha2LNs262ol2sAervwEQzlfxMQx1OAFhb9AE7TntFsnpYLnCiA4fvOpAyOIoR8vdnvg==",
      "dev": true
    },
    "typescript": {
      "version": "4.5.5",
      "resolved": "https://registry.npmjs.org/typescript/-/typescript-4.5.5.tgz",
      "integrity": "sha512-TCTIul70LyWe6IJWT8QSYeA54WQe8EjQFU4wY52Fasj5UKx88LNYKCgBEHcOMOrFF1rKGbD8v/xcNWVUq9SymA=="
    }
  }
}
